// !$*UTF8*$!
{
	archiveVersion = 1;
	classes = {
	};
	objectVersion = 55;
	objects = {

/* Begin PBXBuildFile section */
		7D56A57D29353AA80048E668 /* GridSquaresViewModel.swift in Sources */ = {isa = PBXBuildFile; fileRef = 7D56A57C29353AA80048E668 /* GridSquaresViewModel.swift */; };
		7D5CEF5B2927F9DD00A74DAC /* TicTacToeApp.swift in Sources */ = {isa = PBXBuildFile; fileRef = 7D5CEF5A2927F9DD00A74DAC /* TicTacToeApp.swift */; };
		7D5CEF5F2927F9E100A74DAC /* Assets.xcassets in Resources */ = {isa = PBXBuildFile; fileRef = 7D5CEF5E2927F9E100A74DAC /* Assets.xcassets */; };
		7D5CEF622927F9E100A74DAC /* Preview Assets.xcassets in Resources */ = {isa = PBXBuildFile; fileRef = 7D5CEF612927F9E100A74DAC /* Preview Assets.xcassets */; };
		7D5CEF6C2927F9E100A74DAC /* TicTacToeTests.swift in Sources */ = {isa = PBXBuildFile; fileRef = 7D5CEF6B2927F9E100A74DAC /* TicTacToeTests.swift */; };
		7D5CEF762927F9E100A74DAC /* TicTacToeUITests.swift in Sources */ = {isa = PBXBuildFile; fileRef = 7D5CEF752927F9E100A74DAC /* TicTacToeUITests.swift */; };
		7D5CEF782927F9E100A74DAC /* TicTacToeUITestsLaunchTests.swift in Sources */ = {isa = PBXBuildFile; fileRef = 7D5CEF772927F9E100A74DAC /* TicTacToeUITestsLaunchTests.swift */; };
		7D7CF2F4292FC9A2000A5A18 /* MatchView.swift in Sources */ = {isa = PBXBuildFile; fileRef = 7D7CF2F3292FC9A2000A5A18 /* MatchView.swift */; };
		7D9AA3EE2944FFBD00456BC8 /* Match.swift in Sources */ = {isa = PBXBuildFile; fileRef = 7D9AA3ED2944FFBD00456BC8 /* Match.swift */; };
/* End PBXBuildFile section */

/* Begin PBXContainerItemProxy section */
		7D5CEF682927F9E100A74DAC /* PBXContainerItemProxy */ = {
			isa = PBXContainerItemProxy;
			containerPortal = 7D5CEF4F2927F9DD00A74DAC /* Project object */;
			proxyType = 1;
			remoteGlobalIDString = 7D5CEF562927F9DD00A74DAC;
			remoteInfo = TicTacToe;
		};
		7D5CEF722927F9E100A74DAC /* PBXContainerItemProxy */ = {
			isa = PBXContainerItemProxy;
			containerPortal = 7D5CEF4F2927F9DD00A74DAC /* Project object */;
			proxyType = 1;
			remoteGlobalIDString = 7D5CEF562927F9DD00A74DAC;
			remoteInfo = TicTacToe;
		};
/* End PBXContainerItemProxy section */

/* Begin PBXFileReference section */
		7D56A57C29353AA80048E668 /* GridSquaresViewModel.swift */ = {isa = PBXFileReference; lastKnownFileType = sourcecode.swift; path = GridSquaresViewModel.swift; sourceTree = "<group>"; };
		7D5CEF572927F9DD00A74DAC /* TicTacToe.app */ = {isa = PBXFileReference; explicitFileType = wrapper.application; includeInIndex = 0; path = TicTacToe.app; sourceTree = BUILT_PRODUCTS_DIR; };
		7D5CEF5A2927F9DD00A74DAC /* TicTacToeApp.swift */ = {isa = PBXFileReference; lastKnownFileType = sourcecode.swift; path = TicTacToeApp.swift; sourceTree = "<group>"; };
		7D5CEF5E2927F9E100A74DAC /* Assets.xcassets */ = {isa = PBXFileReference; lastKnownFileType = folder.assetcatalog; path = Assets.xcassets; sourceTree = "<group>"; };
		7D5CEF612927F9E100A74DAC /* Preview Assets.xcassets */ = {isa = PBXFileReference; lastKnownFileType = folder.assetcatalog; path = "Preview Assets.xcassets"; sourceTree = "<group>"; };
		7D5CEF672927F9E100A74DAC /* TicTacToeTests.xctest */ = {isa = PBXFileReference; explicitFileType = wrapper.cfbundle; includeInIndex = 0; path = TicTacToeTests.xctest; sourceTree = BUILT_PRODUCTS_DIR; };
		7D5CEF6B2927F9E100A74DAC /* TicTacToeTests.swift */ = {isa = PBXFileReference; lastKnownFileType = sourcecode.swift; path = TicTacToeTests.swift; sourceTree = "<group>"; };
		7D5CEF712927F9E100A74DAC /* TicTacToeUITests.xctest */ = {isa = PBXFileReference; explicitFileType = wrapper.cfbundle; includeInIndex = 0; path = TicTacToeUITests.xctest; sourceTree = BUILT_PRODUCTS_DIR; };
		7D5CEF752927F9E100A74DAC /* TicTacToeUITests.swift */ = {isa = PBXFileReference; lastKnownFileType = sourcecode.swift; path = TicTacToeUITests.swift; sourceTree = "<group>"; };
		7D5CEF772927F9E100A74DAC /* TicTacToeUITestsLaunchTests.swift */ = {isa = PBXFileReference; lastKnownFileType = sourcecode.swift; path = TicTacToeUITestsLaunchTests.swift; sourceTree = "<group>"; };
		7D7CF2F3292FC9A2000A5A18 /* MatchView.swift */ = {isa = PBXFileReference; lastKnownFileType = sourcecode.swift; path = MatchView.swift; sourceTree = "<group>"; };
		7D9AA3ED2944FFBD00456BC8 /* Match.swift */ = {isa = PBXFileReference; lastKnownFileType = sourcecode.swift; path = Match.swift; sourceTree = "<group>"; };
/* End PBXFileReference section */

/* Begin PBXFrameworksBuildPhase section */
		7D5CEF542927F9DD00A74DAC /* Frameworks */ = {
			isa = PBXFrameworksBuildPhase;
			buildActionMask = 2147483647;
			files = (
			);
			runOnlyForDeploymentPostprocessing = 0;
		};
		7D5CEF642927F9E100A74DAC /* Frameworks */ = {
			isa = PBXFrameworksBuildPhase;
			buildActionMask = 2147483647;
			files = (
			);
			runOnlyForDeploymentPostprocessing = 0;
		};
		7D5CEF6E2927F9E100A74DAC /* Frameworks */ = {
			isa = PBXFrameworksBuildPhase;
			buildActionMask = 2147483647;
			files = (
			);
			runOnlyForDeploymentPostprocessing = 0;
		};
/* End PBXFrameworksBuildPhase section */

/* Begin PBXGroup section */
		7D56A57B293532340048E668 /* ViewModel */ = {
			isa = PBXGroup;
			children = (
				7D56A57C29353AA80048E668 /* GridSquaresViewModel.swift */,
			);
			path = ViewModel;
			sourceTree = "<group>";
		};
		7D5CEF4E2927F9DD00A74DAC = {
			isa = PBXGroup;
			children = (
				7D5CEF592927F9DD00A74DAC /* TicTacToe */,
				7D5CEF6A2927F9E100A74DAC /* TicTacToeTests */,
				7D5CEF742927F9E100A74DAC /* TicTacToeUITests */,
				7D5CEF582927F9DD00A74DAC /* Products */,
			);
			sourceTree = "<group>";
		};
		7D5CEF582927F9DD00A74DAC /* Products */ = {
			isa = PBXGroup;
			children = (
				7D5CEF572927F9DD00A74DAC /* TicTacToe.app */,
				7D5CEF672927F9E100A74DAC /* TicTacToeTests.xctest */,
				7D5CEF712927F9E100A74DAC /* TicTacToeUITests.xctest */,
			);
			name = Products;
			sourceTree = "<group>";
		};
		7D5CEF592927F9DD00A74DAC /* TicTacToe */ = {
			isa = PBXGroup;
			children = (
				7D56A57B293532340048E668 /* ViewModel */,
				7D7CF2F3292FC9A2000A5A18 /* MatchView.swift */,
				7D5CEF5A2927F9DD00A74DAC /* TicTacToeApp.swift */,
				7D5CEF5E2927F9E100A74DAC /* Assets.xcassets */,
				7D5CEF602927F9E100A74DAC /* Preview Content */,
				7D9AA3ED2944FFBD00456BC8 /* Match.swift */,
			);
			path = TicTacToe;
			sourceTree = "<group>";
		};
		7D5CEF602927F9E100A74DAC /* Preview Content */ = {
			isa = PBXGroup;
			children = (
				7D5CEF612927F9E100A74DAC /* Preview Assets.xcassets */,
			);
			path = "Preview Content";
			sourceTree = "<group>";
		};
		7D5CEF6A2927F9E100A74DAC /* TicTacToeTests */ = {
			isa = PBXGroup;
			children = (
				7D5CEF6B2927F9E100A74DAC /* TicTacToeTests.swift */,
			);
			path = TicTacToeTests;
			sourceTree = "<group>";
		};
		7D5CEF742927F9E100A74DAC /* TicTacToeUITests */ = {
			isa = PBXGroup;
			children = (
				7D5CEF752927F9E100A74DAC /* TicTacToeUITests.swift */,
				7D5CEF772927F9E100A74DAC /* TicTacToeUITestsLaunchTests.swift */,
			);
			path = TicTacToeUITests;
			sourceTree = "<group>";
		};
/* End PBXGroup section */

/* Begin PBXNativeTarget section */
		7D5CEF562927F9DD00A74DAC /* TicTacToe */ = {
			isa = PBXNativeTarget;
			buildConfigurationList = 7D5CEF7B2927F9E100A74DAC /* Build configuration list for PBXNativeTarget "TicTacToe" */;
			buildPhases = (
				7D5CEF532927F9DD00A74DAC /* Sources */,
				7D5CEF542927F9DD00A74DAC /* Frameworks */,
				7D5CEF552927F9DD00A74DAC /* Resources */,
			);
			buildRules = (
			);
			dependencies = (
			);
			name = TicTacToe;
			productName = TicTacToe;
			productReference = 7D5CEF572927F9DD00A74DAC /* TicTacToe.app */;
			productType = "com.apple.product-type.application";
		};
		7D5CEF662927F9E100A74DAC /* TicTacToeTests */ = {
			isa = PBXNativeTarget;
			buildConfigurationList = 7D5CEF7E2927F9E100A74DAC /* Build configuration list for PBXNativeTarget "TicTacToeTests" */;
			buildPhases = (
				7D5CEF632927F9E100A74DAC /* Sources */,
				7D5CEF642927F9E100A74DAC /* Frameworks */,
				7D5CEF652927F9E100A74DAC /* Resources */,
			);
			buildRules = (
			);
			dependencies = (
				7D5CEF692927F9E100A74DAC /* PBXTargetDependency */,
			);
			name = TicTacToeTests;
			productName = TicTacToeTests;
			productReference = 7D5CEF672927F9E100A74DAC /* TicTacToeTests.xctest */;
			productType = "com.apple.product-type.bundle.unit-test";
		};
		7D5CEF702927F9E100A74DAC /* TicTacToeUITests */ = {
			isa = PBXNativeTarget;
			buildConfigurationList = 7D5CEF812927F9E100A74DAC /* Build configuration list for PBXNativeTarget "TicTacToeUITests" */;
			buildPhases = (
				7D5CEF6D2927F9E100A74DAC /* Sources */,
				7D5CEF6E2927F9E100A74DAC /* Frameworks */,
				7D5CEF6F2927F9E100A74DAC /* Resources */,
			);
			buildRules = (
			);
			dependencies = (
				7D5CEF732927F9E100A74DAC /* PBXTargetDependency */,
			);
			name = TicTacToeUITests;
			productName = TicTacToeUITests;
			productReference = 7D5CEF712927F9E100A74DAC /* TicTacToeUITests.xctest */;
			productType = "com.apple.product-type.bundle.ui-testing";
		};
/* End PBXNativeTarget section */

/* Begin PBXProject section */
		7D5CEF4F2927F9DD00A74DAC /* Project object */ = {
			isa = PBXProject;
			attributes = {
				BuildIndependentTargetsInParallel = 1;
				LastSwiftUpdateCheck = 1300;
				LastUpgradeCheck = 1300;
				TargetAttributes = {
					7D5CEF562927F9DD00A74DAC = {
						CreatedOnToolsVersion = 13.0;
					};
					7D5CEF662927F9E100A74DAC = {
						CreatedOnToolsVersion = 13.0;
						TestTargetID = 7D5CEF562927F9DD00A74DAC;
					};
					7D5CEF702927F9E100A74DAC = {
						CreatedOnToolsVersion = 13.0;
						TestTargetID = 7D5CEF562927F9DD00A74DAC;
					};
				};
			};
			buildConfigurationList = 7D5CEF522927F9DD00A74DAC /* Build configuration list for PBXProject "TicTacToe" */;
			compatibilityVersion = "Xcode 13.0";
			developmentRegion = en;
			hasScannedForEncodings = 0;
			knownRegions = (
				en,
				Base,
			);
			mainGroup = 7D5CEF4E2927F9DD00A74DAC;
			productRefGroup = 7D5CEF582927F9DD00A74DAC /* Products */;
			projectDirPath = "";
			projectRoot = "";
			targets = (
				7D5CEF562927F9DD00A74DAC /* TicTacToe */,
				7D5CEF662927F9E100A74DAC /* TicTacToeTests */,
				7D5CEF702927F9E100A74DAC /* TicTacToeUITests */,
			);
		};
/* End PBXProject section */

/* Begin PBXResourcesBuildPhase section */
		7D5CEF552927F9DD00A74DAC /* Resources */ = {
			isa = PBXResourcesBuildPhase;
			buildActionMask = 2147483647;
			files = (
				7D5CEF622927F9E100A74DAC /* Preview Assets.xcassets in Resources */,
				7D5CEF5F2927F9E100A74DAC /* Assets.xcassets in Resources */,
			);
			runOnlyForDeploymentPostprocessing = 0;
		};
		7D5CEF652927F9E100A74DAC /* Resources */ = {
			isa = PBXResourcesBuildPhase;
			buildActionMask = 2147483647;
			files = (
			);
			runOnlyForDeploymentPostprocessing = 0;
		};
		7D5CEF6F2927F9E100A74DAC /* Resources */ = {
			isa = PBXResourcesBuildPhase;
			buildActionMask = 2147483647;
			files = (
			);
			runOnlyForDeploymentPostprocessing = 0;
		};
/* End PBXResourcesBuildPhase section */

/* Begin PBXSourcesBuildPhase section */
		7D5CEF532927F9DD00A74DAC /* Sources */ = {
			isa = PBXSourcesBuildPhase;
			buildActionMask = 2147483647;
			files = (
				7D7CF2F4292FC9A2000A5A18 /* MatchView.swift in Sources */,
				7D56A57D29353AA80048E668 /* GridSquaresViewModel.swift in Sources */,
				7D5CEF5B2927F9DD00A74DAC /* TicTacToeApp.swift in Sources */,
				7D9AA3EE2944FFBD00456BC8 /* Match.swift in Sources */,
			);
			runOnlyForDeploymentPostprocessing = 0;
		};
		7D5CEF632927F9E100A74DAC /* Sources */ = {
			isa = PBXSourcesBuildPhase;
			buildActionMask = 2147483647;
			files = (
				7D5CEF6C2927F9E100A74DAC /* TicTacToeTests.swift in Sources */,
			);
			runOnlyForDeploymentPostprocessing = 0;
		};
		7D5CEF6D2927F9E100A74DAC /* Sources */ = {
			isa = PBXSourcesBuildPhase;
			buildActionMask = 2147483647;
			files = (
				7D5CEF762927F9E100A74DAC /* TicTacToeUITests.swift in Sources */,
				7D5CEF782927F9E100A74DAC /* TicTacToeUITestsLaunchTests.swift in Sources */,
			);
			runOnlyForDeploymentPostprocessing = 0;
		};
/* End PBXSourcesBuildPhase section */

/* Begin PBXTargetDependency section */
		7D5CEF692927F9E100A74DAC /* PBXTargetDependency */ = {
			isa = PBXTargetDependency;
			target = 7D5CEF562927F9DD00A74DAC /* TicTacToe */;
			targetProxy = 7D5CEF682927F9E100A74DAC /* PBXContainerItemProxy */;
		};
		7D5CEF732927F9E100A74DAC /* PBXTargetDependency */ = {
			isa = PBXTargetDependency;
			target = 7D5CEF562927F9DD00A74DAC /* TicTacToe */;
			targetProxy = 7D5CEF722927F9E100A74DAC /* PBXContainerItemProxy */;
		};
/* End PBXTargetDependency section */

/* Begin XCBuildConfiguration section */
		7D5CEF792927F9E100A74DAC /* Debug */ = {
			isa = XCBuildConfiguration;
			buildSettings = {
				ALWAYS_SEARCH_USER_PATHS = NO;
				CLANG_ANALYZER_NONNULL = YES;
				CLANG_ANALYZER_NUMBER_OBJECT_CONVERSION = YES_AGGRESSIVE;
				CLANG_CXX_LANGUAGE_STANDARD = "gnu++17";
				CLANG_CXX_LIBRARY = "libc++";
				CLANG_ENABLE_MODULES = YES;
				CLANG_ENABLE_OBJC_ARC = YES;
				CLANG_ENABLE_OBJC_WEAK = YES;
				CLANG_WARN_BLOCK_CAPTURE_AUTORELEASING = YES;
				CLANG_WARN_BOOL_CONVERSION = YES;
				CLANG_WARN_COMMA = YES;
				CLANG_WARN_CONSTANT_CONVERSION = YES;
				CLANG_WARN_DEPRECATED_OBJC_IMPLEMENTATIONS = YES;
				CLANG_WARN_DIRECT_OBJC_ISA_USAGE = YES_ERROR;
				CLANG_WARN_DOCUMENTATION_COMMENTS = YES;
				CLANG_WARN_EMPTY_BODY = YES;
				CLANG_WARN_ENUM_CONVERSION = YES;
				CLANG_WARN_INFINITE_RECURSION = YES;
				CLANG_WARN_INT_CONVERSION = YES;
				CLANG_WARN_NON_LITERAL_NULL_CONVERSION = YES;
				CLANG_WARN_OBJC_IMPLICIT_RETAIN_SELF = YES;
				CLANG_WARN_OBJC_LITERAL_CONVERSION = YES;
				CLANG_WARN_OBJC_ROOT_CLASS = YES_ERROR;
				CLANG_WARN_QUOTED_INCLUDE_IN_FRAMEWORK_HEADER = YES;
				CLANG_WARN_RANGE_LOOP_ANALYSIS = YES;
				CLANG_WARN_STRICT_PROTOTYPES = YES;
				CLANG_WARN_SUSPICIOUS_MOVE = YES;
				CLANG_WARN_UNGUARDED_AVAILABILITY = YES_AGGRESSIVE;
				CLANG_WARN_UNREACHABLE_CODE = YES;
				CLANG_WARN__DUPLICATE_METHOD_MATCH = YES;
				COPY_PHASE_STRIP = NO;
				DEBUG_INFORMATION_FORMAT = dwarf;
				ENABLE_STRICT_OBJC_MSGSEND = YES;
				ENABLE_TESTABILITY = YES;
				GCC_C_LANGUAGE_STANDARD = gnu11;
				GCC_DYNAMIC_NO_PIC = NO;
				GCC_NO_COMMON_BLOCKS = YES;
				GCC_OPTIMIZATION_LEVEL = 0;
				GCC_PREPROCESSOR_DEFINITIONS = (
					"DEBUG=1",
					"$(inherited)",
				);
				GCC_WARN_64_TO_32_BIT_CONVERSION = YES;
				GCC_WARN_ABOUT_RETURN_TYPE = YES_ERROR;
				GCC_WARN_UNDECLARED_SELECTOR = YES;
				GCC_WARN_UNINITIALIZED_AUTOS = YES_AGGRESSIVE;
				GCC_WARN_UNUSED_FUNCTION = YES;
				GCC_WARN_UNUSED_VARIABLE = YES;
				IPHONEOS_DEPLOYMENT_TARGET = 15.0;
				MTL_ENABLE_DEBUG_INFO = INCLUDE_SOURCE;
				MTL_FAST_MATH = YES;
				ONLY_ACTIVE_ARCH = YES;
				SDKROOT = iphoneos;
				SWIFT_ACTIVE_COMPILATION_CONDITIONS = DEBUG;
				SWIFT_OPTIMIZATION_LEVEL = "-Onone";
			};
			name = Debug;
		};
		7D5CEF7A2927F9E100A74DAC /* Release */ = {
			isa = XCBuildConfiguration;
			buildSettings = {
				ALWAYS_SEARCH_USER_PATHS = NO;
				CLANG_ANALYZER_NONNULL = YES;
				CLANG_ANALYZER_NUMBER_OBJECT_CONVERSION = YES_AGGRESSIVE;
				CLANG_CXX_LANGUAGE_STANDARD = "gnu++17";
				CLANG_CXX_LIBRARY = "libc++";
				CLANG_ENABLE_MODULES = YES;
				CLANG_ENABLE_OBJC_ARC = YES;
				CLANG_ENABLE_OBJC_WEAK = YES;
				CLANG_WARN_BLOCK_CAPTURE_AUTORELEASING = YES;
				CLANG_WARN_BOOL_CONVERSION = YES;
				CLANG_WARN_COMMA = YES;
				CLANG_WARN_CONSTANT_CONVERSION = YES;
				CLANG_WARN_DEPRECATED_OBJC_IMPLEMENTATIONS = YES;
				CLANG_WARN_DIRECT_OBJC_ISA_USAGE = YES_ERROR;
				CLANG_WARN_DOCUMENTATION_COMMENTS = YES;
				CLANG_WARN_EMPTY_BODY = YES;
				CLANG_WARN_ENUM_CONVERSION = YES;
				CLANG_WARN_INFINITE_RECURSION = YES;
				CLANG_WARN_INT_CONVERSION = YES;
				CLANG_WARN_NON_LITERAL_NULL_CONVERSION = YES;
				CLANG_WARN_OBJC_IMPLICIT_RETAIN_SELF = YES;
				CLANG_WARN_OBJC_LITERAL_CONVERSION = YES;
				CLANG_WARN_OBJC_ROOT_CLASS = YES_ERROR;
				CLANG_WARN_QUOTED_INCLUDE_IN_FRAMEWORK_HEADER = YES;
				CLANG_WARN_RANGE_LOOP_ANALYSIS = YES;
				CLANG_WARN_STRICT_PROTOTYPES = YES;
				CLANG_WARN_SUSPICIOUS_MOVE = YES;
				CLANG_WARN_UNGUARDED_AVAILABILITY = YES_AGGRESSIVE;
				CLANG_WARN_UNREACHABLE_CODE = YES;
				CLANG_WARN__DUPLICATE_METHOD_MATCH = YES;
				COPY_PHASE_STRIP = NO;
				DEBUG_INFORMATION_FORMAT = "dwarf-with-dsym";
				ENABLE_NS_ASSERTIONS = NO;
				ENABLE_STRICT_OBJC_MSGSEND = YES;
				GCC_C_LANGUAGE_STANDARD = gnu11;
				GCC_NO_COMMON_BLOCKS = YES;
				GCC_WARN_64_TO_32_BIT_CONVERSION = YES;
				GCC_WARN_ABOUT_RETURN_TYPE = YES_ERROR;
				GCC_WARN_UNDECLARED_SELECTOR = YES;
				GCC_WARN_UNINITIALIZED_AUTOS = YES_AGGRESSIVE;
				GCC_WARN_UNUSED_FUNCTION = YES;
				GCC_WARN_UNUSED_VARIABLE = YES;
				IPHONEOS_DEPLOYMENT_TARGET = 15.0;
				MTL_ENABLE_DEBUG_INFO = NO;
				MTL_FAST_MATH = YES;
				SDKROOT = iphoneos;
				SWIFT_COMPILATION_MODE = wholemodule;
				SWIFT_OPTIMIZATION_LEVEL = "-O";
				VALIDATE_PRODUCT = YES;
			};
			name = Release;
		};
		7D5CEF7C2927F9E100A74DAC /* Debug */ = {
			isa = XCBuildConfiguration;
			buildSettings = {
				ASSETCATALOG_COMPILER_APPICON_NAME = AppIcon;
				ASSETCATALOG_COMPILER_GLOBAL_ACCENT_COLOR_NAME = AccentColor;
				CODE_SIGN_STYLE = Automatic;
				CURRENT_PROJECT_VERSION = 1;
				DEVELOPMENT_ASSET_PATHS = "\"TicTacToe/Preview Content\"";
				DEVELOPMENT_TEAM = S4CNK69FK9;
				ENABLE_PREVIEWS = YES;
				GENERATE_INFOPLIST_FILE = YES;
				INFOPLIST_KEY_UIApplicationSceneManifest_Generation = YES;
				INFOPLIST_KEY_UIApplicationSupportsIndirectInputEvents = YES;
				INFOPLIST_KEY_UILaunchScreen_Generation = YES;
				INFOPLIST_KEY_UISupportedInterfaceOrientations_iPad = "UIInterfaceOrientationPortrait UIInterfaceOrientationPortraitUpsideDown UIInterfaceOrientationLandscapeLeft UIInterfaceOrientationLandscapeRight";
				INFOPLIST_KEY_UISupportedInterfaceOrientations_iPhone = "UIInterfaceOrientationPortrait UIInterfaceOrientationLandscapeLeft UIInterfaceOrientationLandscapeRight";
				IPHONEOS_DEPLOYMENT_TARGET = 14.0;
				LD_RUNPATH_SEARCH_PATHS = (
					"$(inherited)",
					"@executable_path/Frameworks",
				);
				MARKETING_VERSION = 1.0;
				PRODUCT_BUNDLE_IDENTIFIER = yoxa.TicTacToe;
				PRODUCT_NAME = "$(TARGET_NAME)";
				SWIFT_EMIT_LOC_STRINGS = YES;
				SWIFT_VERSION = 5.0;
				TARGETED_DEVICE_FAMILY = "1,2";
			};
			name = Debug;
		};
		7D5CEF7D2927F9E100A74DAC /* Release */ = {
			isa = XCBuildConfiguration;
			buildSettings = {
				ASSETCATALOG_COMPILER_APPICON_NAME = AppIcon;
				ASSETCATALOG_COMPILER_GLOBAL_ACCENT_COLOR_NAME = AccentColor;
				CODE_SIGN_STYLE = Automatic;
				CURRENT_PROJECT_VERSION = 1;
				DEVELOPMENT_ASSET_PATHS = "\"TicTacToe/Preview Content\"";
				DEVELOPMENT_TEAM = S4CNK69FK9;
				ENABLE_PREVIEWS = YES;
				GENERATE_INFOPLIST_FILE = YES;
				INFOPLIST_KEY_UIApplicationSceneManifest_Generation = YES;
				INFOPLIST_KEY_UIApplicationSupportsIndirectInputEvents = YES;
				INFOPLIST_KEY_UILaunchScreen_Generation = YES;
				INFOPLIST_KEY_UISupportedInterfaceOrientations_iPad = "UIInterfaceOrientationPortrait UIInterfaceOrientationPortraitUpsideDown UIInterfaceOrientationLandscapeLeft UIInterfaceOrientationLandscapeRight";
				INFOPLIST_KEY_UISupportedInterfaceOrientations_iPhone = "UIInterfaceOrientationPortrait UIInterfaceOrientationLandscapeLeft UIInterfaceOrientationLandscapeRight";
				IPHONEOS_DEPLOYMENT_TARGET = 14.0;
				LD_RUNPATH_SEARCH_PATHS = (
					"$(inherited)",
					"@executable_path/Frameworks",
				);
				MARKETING_VERSION = 1.0;
				PRODUCT_BUNDLE_IDENTIFIER = yoxa.TicTacToe;
				PRODUCT_NAME = "$(TARGET_NAME)";
				SWIFT_EMIT_LOC_STRINGS = YES;
				SWIFT_VERSION = 5.0;
				TARGETED_DEVICE_FAMILY = "1,2";
			};
			name = Release;
		};
		7D5CEF7F2927F9E100A74DAC /* Debug */ = {
			isa = XCBuildConfiguration;
			buildSettings = {
				ALWAYS_EMBED_SWIFT_STANDARD_LIBRARIES = YES;
				BUNDLE_LOADER = "$(TEST_HOST)";
				CODE_SIGN_STYLE = Automatic;
				CURRENT_PROJECT_VERSION = 1;
				GENERATE_INFOPLIST_FILE = YES;
				IPHONEOS_DEPLOYMENT_TARGET = 14.0;
				LD_RUNPATH_SEARCH_PATHS = (
					"$(inherited)",
					"@executable_path/Frameworks",
					"@loader_path/Frameworks",
				);
				MARKETING_VERSION = 1.0;
				PRODUCT_BUNDLE_IDENTIFIER = yoxa.TicTacToeTests;
				PRODUCT_NAME = "$(TARGET_NAME)";
				SWIFT_EMIT_LOC_STRINGS = NO;
				SWIFT_VERSION = 5.0;
				TARGETED_DEVICE_FAMILY = "1,2";
				TEST_HOST = "$(BUILT_PRODUCTS_DIR)/TicTacToe.app/TicTacToe";
			};
			name = Debug;
		};
		7D5CEF802927F9E100A74DAC /* Release */ = {
			isa = XCBuildConfiguration;
			buildSettings = {
				ALWAYS_EMBED_SWIFT_STANDARD_LIBRARIES = YES;
				BUNDLE_LOADER = "$(TEST_HOST)";
				CODE_SIGN_STYLE = Automatic;
				CURRENT_PROJECT_VERSION = 1;
				GENERATE_INFOPLIST_FILE = YES;
				IPHONEOS_DEPLOYMENT_TARGET = 14.0;
				LD_RUNPATH_SEARCH_PATHS = (
					"$(inherited)",
					"@executable_path/Frameworks",
					"@loader_path/Frameworks",
				);
				MARKETING_VERSION = 1.0;
				PRODUCT_BUNDLE_IDENTIFIER = yoxa.TicTacToeTests;
				PRODUCT_NAME = "$(TARGET_NAME)";
				SWIFT_EMIT_LOC_STRINGS = NO;
				SWIFT_VERSION = 5.0;
				TARGETED_DEVICE_FAMILY = "1,2";
				TEST_HOST = "$(BUILT_PRODUCTS_DIR)/TicTacToe.app/TicTacToe";
			};
			name = Release;
		};
		7D5CEF822927F9E100A74DAC /* Debug */ = {
			isa = XCBuildConfiguration;
			buildSettings = {
				ALWAYS_EMBED_SWIFT_STANDARD_LIBRARIES = YES;
				CODE_SIGN_STYLE = Automatic;
				CURRENT_PROJECT_VERSION = 1;
				GENERATE_INFOPLIST_FILE = YES;
				LD_RUNPATH_SEARCH_PATHS = (
					"$(inherited)",
					"@executable_path/Frameworks",
					"@loader_path/Frameworks",
				);
				MARKETING_VERSION = 1.0;
				PRODUCT_BUNDLE_IDENTIFIER = yoxa.TicTacToeUITests;
				PRODUCT_NAME = "$(TARGET_NAME)";
				SWIFT_EMIT_LOC_STRINGS = NO;
				SWIFT_VERSION = 5.0;
				TARGETED_DEVICE_FAMILY = "1,2";
				TEST_TARGET_NAME = TicTacToe;
			};
			name = Debug;
		};
		7D5CEF832927F9E100A74DAC /* Release */ = {
			isa = XCBuildConfiguration;
			buildSettings = {
				ALWAYS_EMBED_SWIFT_STANDARD_LIBRARIES = YES;
				CODE_SIGN_STYLE = Automatic;
				CURRENT_PROJECT_VERSION = 1;
				GENERATE_INFOPLIST_FILE = YES;
				LD_RUNPATH_SEARCH_PATHS = (
					"$(inherited)",
					"@executable_path/Frameworks",
					"@loader_path/Frameworks",
				);
				MARKETING_VERSION = 1.0;
				PRODUCT_BUNDLE_IDENTIFIER = yoxa.TicTacToeUITests;
				PRODUCT_NAME = "$(TARGET_NAME)";
				SWIFT_EMIT_LOC_STRINGS = NO;
				SWIFT_VERSION = 5.0;
				TARGETED_DEVICE_FAMILY = "1,2";
				TEST_TARGET_NAME = TicTacToe;
			};
			name = Release;
		};
/* End XCBuildConfiguration section */

/* Begin XCConfigurationList section */
		7D5CEF522927F9DD00A74DAC /* Build configuration list for PBXProject "TicTacToe" */ = {
			isa = XCConfigurationList;
			buildConfigurations = (
				7D5CEF792927F9E100A74DAC /* Debug */,
				7D5CEF7A2927F9E100A74DAC /* Release */,
			);
			defaultConfigurationIsVisible = 0;
			defaultConfigurationName = Release;
		};
		7D5CEF7B2927F9E100A74DAC /* Build configuration list for PBXNativeTarget "TicTacToe" */ = {
			isa = XCConfigurationList;
			buildConfigurations = (
				7D5CEF7C2927F9E100A74DAC /* Debug */,
				7D5CEF7D2927F9E100A74DAC /* Release */,
			);
			defaultConfigurationIsVisible = 0;
			defaultConfigurationName = Release;
		};
		7D5CEF7E2927F9E100A74DAC /* Build configuration list for PBXNativeTarget "TicTacToeTests" */ = {
			isa = XCConfigurationList;
			buildConfigurations = (
				7D5CEF7F2927F9E100A74DAC /* Debug */,
				7D5CEF802927F9E100A74DAC /* Release */,
			);
			defaultConfigurationIsVisible = 0;
			defaultConfigurationName = Release;
		};
		7D5CEF812927F9E100A74DAC /* Build configuration list for PBXNativeTarget "TicTacToeUITests" */ = {
			isa = XCConfigurationList;
			buildConfigurations = (
				7D5CEF822927F9E100A74DAC /* Debug */,
				7D5CEF832927F9E100A74DAC /* Release */,
			);
			defaultConfigurationIsVisible = 0;
			defaultConfigurationName = Release;
		};
/* End XCConfigurationList section */
	};
	rootObject = 7D5CEF4F2927F9DD00A74DAC /* Project object */;
}
